
Microsoft Visual Studio Solution File, Format Version 12.00
# Visual Studio Version 16
VisualStudioVersion = 16.0.31624.102
MinimumVisualStudioVersion = 10.0.40219.1
Project("{FAE04EC0-301F-11D3-BF4B-00C04F79EFBC}") = "DiscordTestBot", "DiscordTestBot\DiscordTestBot.csproj", "{0A981B67-4C77-46F0-94C6-3F3842ECB48A}"
EndProject
Global
	GlobalSection(SolutionConfigurationPlatforms) = preSolution
		Debug|Any CPU = Debug|Any CPU
		Release|Any CPU = Release|Any CPU
	EndGlobalSection
	GlobalSection(ProjectConfigurationPlatforms) = postSolution
		{0A981B67-4C77-46F0-94C6-3F3842ECB48A}.Debug|Any CPU.ActiveCfg = Debug|Any CPU
		{0A981B67-4C77-46F0-94C6-3F3842ECB48A}.Debug|Any CPU.Build.0 = Debug|Any CPU
		{0A981B67-4C77-46F0-94C6-3F3842ECB48A}.Release|Any CPU.ActiveCfg = Release|Any CPU
		{0A981B67-4C77-46F0-94C6-3F3842ECB48A}.Release|Any CPU.Build.0 = Release|Any CPU
	EndGlobalSection
	GlobalSection(SolutionProperties) = preSolution
		HideSolutionNode = FALSE
	EndGlobalSection
	GlobalSection(ExtensibilityGlobals) = postSolution
		SolutionGuid = {F2667885-EC81-4A29-885C-A16968FB8F44}
	EndGlobalSection
EndGlobal
